
Microsoft Visual Studio Solution File, Format Version 12.00
# Visual Studio 14
VisualStudioVersion = 14.0.23107.0
MinimumVisualStudioVersion = 10.0.40219.1
Project("{FAE04EC0-301F-11D3-BF4B-00C04F79EFBC}") = "OrderSample.Client", "Source\OrderSample.Client\OrderSample.Client.csproj", "{C5448EC4-12C3-4B9C-9150-99C96EF054D8}"
EndProject
Project("{FAE04EC0-301F-11D3-BF4B-00C04F79EFBC}") = "OrderSample.FileWatcher", "Source\OrderSample.FileWatcher\OrderSample.FileWatcher.csproj", "{EBA2AD9F-57F3-4277-9D4F-9C1C0CEFE2A3}"
EndProject
Project("{FAE04EC0-301F-11D3-BF4B-00C04F79EFBC}") = "Service.Endpoint", "Source\OrderSample.Endpoint\Service.Endpoint.csproj", "{72ADD7BB-B290-4331-82E4-6ECFCBCA1EA6}"
EndProject
Project("{FAE04EC0-301F-11D3-BF4B-00C04F79EFBC}") = "Service.Contracts", "Source\OrderSample.Contracts\Service.Contracts.csproj", "{34C84E19-CCC0-413C-BAB7-D76E426A2B6C}"
EndProject
Project("{2150E333-8FDC-42A3-9474-1A3956D46DE8}") = "Clients", "Clients", "{188B77E3-BBB3-4527-A713-DA9BB1B89555}"
EndProject
Project("{2150E333-8FDC-42A3-9474-1A3956D46DE8}") = "Server", "Server", "{D98C7971-F259-406C-A420-D29331F323A1}"
EndProject
Project("{FAE04EC0-301F-11D3-BF4B-00C04F79EFBC}") = "Service.Processor", "Source\Service.Processor\Service.Processor.csproj", "{CFC7AE92-CABD-4875-BCE8-733EE7417402}"
EndProject
Project("{FAE04EC0-301F-11D3-BF4B-00C04F79EFBC}") = "OrderSample.QueueClient", "Source\OrderSample.QueueClient\OrderSample.QueueClient.csproj", "{6A306BAE-DC30-4647-AE1C-BDD54CD1BFC5}"
EndProject
Project("{FAE04EC0-301F-11D3-BF4B-00C04F79EFBC}") = "Service.InternalContract", "Source\Service.InternalContract\Service.InternalContract.csproj", "{46836CB5-E9DF-41F0-BE13-FD7CF425BB82}"
EndProject
Project("{FAE04EC0-301F-11D3-BF4B-00C04F79EFBC}") = "Service.DataLayer", "Source\Service.DataLayer\Service.DataLayer.csproj", "{C01B166F-EAF9-4AEC-A607-367A3A23BAE0}"
EndProject
Project("{FAE04EC0-301F-11D3-BF4B-00C04F79EFBC}") = "OrderSample.MonitoringConsole", "Source\OrderSample.MonitoringConsole\OrderSample.MonitoringConsole.csproj", "{FBF2975B-D721-43EB-9198-34A612EB1AC5}"
EndProject
Global
	GlobalSection(SolutionConfigurationPlatforms) = preSolution
		Debug|Any CPU = Debug|Any CPU
		Release|Any CPU = Release|Any CPU
	EndGlobalSection
	GlobalSection(ProjectConfigurationPlatforms) = postSolution
		{C5448EC4-12C3-4B9C-9150-99C96EF054D8}.Debug|Any CPU.ActiveCfg = Debug|Any CPU
		{C5448EC4-12C3-4B9C-9150-99C96EF054D8}.Debug|Any CPU.Build.0 = Debug|Any CPU
		{C5448EC4-12C3-4B9C-9150-99C96EF054D8}.Release|Any CPU.ActiveCfg = Release|Any CPU
		{C5448EC4-12C3-4B9C-9150-99C96EF054D8}.Release|Any CPU.Build.0 = Release|Any CPU
		{EBA2AD9F-57F3-4277-9D4F-9C1C0CEFE2A3}.Debug|Any CPU.ActiveCfg = Debug|Any CPU
		{EBA2AD9F-57F3-4277-9D4F-9C1C0CEFE2A3}.Debug|Any CPU.Build.0 = Debug|Any CPU
		{EBA2AD9F-57F3-4277-9D4F-9C1C0CEFE2A3}.Release|Any CPU.ActiveCfg = Release|Any CPU
		{EBA2AD9F-57F3-4277-9D4F-9C1C0CEFE2A3}.Release|Any CPU.Build.0 = Release|Any CPU
		{72ADD7BB-B290-4331-82E4-6ECFCBCA1EA6}.Debug|Any CPU.ActiveCfg = Debug|Any CPU
		{72ADD7BB-B290-4331-82E4-6ECFCBCA1EA6}.Debug|Any CPU.Build.0 = Debug|Any CPU
		{72ADD7BB-B290-4331-82E4-6ECFCBCA1EA6}.Release|Any CPU.ActiveCfg = Release|Any CPU
		{72ADD7BB-B290-4331-82E4-6ECFCBCA1EA6}.Release|Any CPU.Build.0 = Release|Any CPU
		{34C84E19-CCC0-413C-BAB7-D76E426A2B6C}.Debug|Any CPU.ActiveCfg = Debug|Any CPU
		{34C84E19-CCC0-413C-BAB7-D76E426A2B6C}.Debug|Any CPU.Build.0 = Debug|Any CPU
		{34C84E19-CCC0-413C-BAB7-D76E426A2B6C}.Release|Any CPU.ActiveCfg = Release|Any CPU
		{34C84E19-CCC0-413C-BAB7-D76E426A2B6C}.Release|Any CPU.Build.0 = Release|Any CPU
		{CFC7AE92-CABD-4875-BCE8-733EE7417402}.Debug|Any CPU.ActiveCfg = Debug|Any CPU
		{CFC7AE92-CABD-4875-BCE8-733EE7417402}.Debug|Any CPU.Build.0 = Debug|Any CPU
		{CFC7AE92-CABD-4875-BCE8-733EE7417402}.Release|Any CPU.ActiveCfg = Release|Any CPU
		{CFC7AE92-CABD-4875-BCE8-733EE7417402}.Release|Any CPU.Build.0 = Release|Any CPU
		{6A306BAE-DC30-4647-AE1C-BDD54CD1BFC5}.Debug|Any CPU.ActiveCfg = Debug|Any CPU
		{6A306BAE-DC30-4647-AE1C-BDD54CD1BFC5}.Debug|Any CPU.Build.0 = Debug|Any CPU
		{6A306BAE-DC30-4647-AE1C-BDD54CD1BFC5}.Release|Any CPU.ActiveCfg = Release|Any CPU
		{6A306BAE-DC30-4647-AE1C-BDD54CD1BFC5}.Release|Any CPU.Build.0 = Release|Any CPU
		{46836CB5-E9DF-41F0-BE13-FD7CF425BB82}.Debug|Any CPU.ActiveCfg = Debug|Any CPU
		{46836CB5-E9DF-41F0-BE13-FD7CF425BB82}.Debug|Any CPU.Build.0 = Debug|Any CPU
		{46836CB5-E9DF-41F0-BE13-FD7CF425BB82}.Release|Any CPU.ActiveCfg = Release|Any CPU
		{46836CB5-E9DF-41F0-BE13-FD7CF425BB82}.Release|Any CPU.Build.0 = Release|Any CPU
		{C01B166F-EAF9-4AEC-A607-367A3A23BAE0}.Debug|Any CPU.ActiveCfg = Debug|Any CPU
		{C01B166F-EAF9-4AEC-A607-367A3A23BAE0}.Debug|Any CPU.Build.0 = Debug|Any CPU
		{C01B166F-EAF9-4AEC-A607-367A3A23BAE0}.Release|Any CPU.ActiveCfg = Release|Any CPU
		{C01B166F-EAF9-4AEC-A607-367A3A23BAE0}.Release|Any CPU.Build.0 = Release|Any CPU
		{FBF2975B-D721-43EB-9198-34A612EB1AC5}.Debug|Any CPU.ActiveCfg = Debug|Any CPU
		{FBF2975B-D721-43EB-9198-34A612EB1AC5}.Debug|Any CPU.Build.0 = Debug|Any CPU
		{FBF2975B-D721-43EB-9198-34A612EB1AC5}.Release|Any CPU.ActiveCfg = Release|Any CPU
		{FBF2975B-D721-43EB-9198-34A612EB1AC5}.Release|Any CPU.Build.0 = Release|Any CPU
	EndGlobalSection
	GlobalSection(SolutionProperties) = preSolution
		HideSolutionNode = FALSE
	EndGlobalSection
	GlobalSection(NestedProjects) = preSolution
		{C5448EC4-12C3-4B9C-9150-99C96EF054D8} = {188B77E3-BBB3-4527-A713-DA9BB1B89555}
		{EBA2AD9F-57F3-4277-9D4F-9C1C0CEFE2A3} = {188B77E3-BBB3-4527-A713-DA9BB1B89555}
		{72ADD7BB-B290-4331-82E4-6ECFCBCA1EA6} = {D98C7971-F259-406C-A420-D29331F323A1}
		{34C84E19-CCC0-413C-BAB7-D76E426A2B6C} = {D98C7971-F259-406C-A420-D29331F323A1}
		{CFC7AE92-CABD-4875-BCE8-733EE7417402} = {D98C7971-F259-406C-A420-D29331F323A1}
		{6A306BAE-DC30-4647-AE1C-BDD54CD1BFC5} = {D98C7971-F259-406C-A420-D29331F323A1}
		{46836CB5-E9DF-41F0-BE13-FD7CF425BB82} = {D98C7971-F259-406C-A420-D29331F323A1}
		{C01B166F-EAF9-4AEC-A607-367A3A23BAE0} = {D98C7971-F259-406C-A420-D29331F323A1}
		{FBF2975B-D721-43EB-9198-34A612EB1AC5} = {D98C7971-F259-406C-A420-D29331F323A1}
	EndGlobalSection
EndGlobal
